// !$*UTF8*$!
{
	archiveVersion = 1;
	classes = {
	};
	objectVersion = 77;
	objects = {

/* Begin PBXContainerItemProxy section */
		58B5C4702CDA5E290011E46A /* PBXContainerItemProxy */ = {
			isa = PBXContainerItemProxy;
			containerPortal = 58B5C4512CDA5E280011E46A /* Project object */;
			proxyType = 1;
			remoteGlobalIDString = 58B5C4582CDA5E280011E46A;
			remoteInfo = KitchenProject;
		};
		58B5C47A2CDA5E290011E46A /* PBXContainerItemProxy */ = {
			isa = PBXContainerItemProxy;
			containerPortal = 58B5C4512CDA5E280011E46A /* Project object */;
			proxyType = 1;
			remoteGlobalIDString = 58B5C4582CDA5E280011E46A;
			remoteInfo = KitchenProject;
		};
/* End PBXContainerItemProxy section */

/* Begin PBXFileReference section */
		58B5C4592CDA5E280011E46A /* KitchenProject.app */ = {isa = PBXFileReference; explicitFileType = wrapper.application; includeInIndex = 0; path = KitchenProject.app; sourceTree = BUILT_PRODUCTS_DIR; };
		58B5C46F2CDA5E290011E46A /* KitchenProjectTests.xctest */ = {isa = PBXFileReference; explicitFileType = wrapper.cfbundle; includeInIndex = 0; path = KitchenProjectTests.xctest; sourceTree = BUILT_PRODUCTS_DIR; };
		58B5C4792CDA5E290011E46A /* KitchenProjectUITests.xctest */ = {isa = PBXFileReference; explicitFileType = wrapper.cfbundle; includeInIndex = 0; path = KitchenProjectUITests.xctest; sourceTree = BUILT_PRODUCTS_DIR; };
/* End PBXFileReference section */

/* Begin PBXFileSystemSynchronizedBuildFileExceptionSet section */
		58B5C4812CDA5E290011E46A /* Exceptions for "KitchenProject" folder in "KitchenProject" target */ = {
			isa = PBXFileSystemSynchronizedBuildFileExceptionSet;
			membershipExceptions = (
				Info.plist,
			);
			target = 58B5C4582CDA5E280011E46A /* KitchenProject */;
		};
/* End PBXFileSystemSynchronizedBuildFileExceptionSet section */

/* Begin PBXFileSystemSynchronizedRootGroup section */
		58B5C45B2CDA5E280011E46A /* KitchenProject */ = {
			isa = PBXFileSystemSynchronizedRootGroup;
			exceptions = (
				58B5C4812CDA5E290011E46A /* Exceptions for "KitchenProject" folder in "KitchenProject" target */,
			);
			path = KitchenProject;
			sourceTree = "<group>";
		};
		58B5C4722CDA5E290011E46A /* KitchenProjectTests */ = {
			isa = PBXFileSystemSynchronizedRootGroup;
			path = KitchenProjectTests;
			sourceTree = "<group>";
		};
		58B5C47C2CDA5E290011E46A /* KitchenProjectUITests */ = {
			isa = PBXFileSystemSynchronizedRootGroup;
			path = KitchenProjectUITests;
			sourceTree = "<group>";
		};
/* End PBXFileSystemSynchronizedRootGroup section */

/* Begin PBXFrameworksBuildPhase section */
		58B5C4562CDA5E280011E46A /* Frameworks */ = {
			isa = PBXFrameworksBuildPhase;
			buildActionMask = 2147483647;
			files = (
			);
			runOnlyForDeploymentPostprocessing = 0;
		};
		58B5C46C2CDA5E290011E46A /* Frameworks */ = {
			isa = PBXFrameworksBuildPhase;
			buildActionMask = 2147483647;
			files = (
			);
			runOnlyForDeploymentPostprocessing = 0;
		};
		58B5C4762CDA5E290011E46A /* Frameworks */ = {
			isa = PBXFrameworksBuildPhase;
			buildActionMask = 2147483647;
			files = (
			);
			runOnlyForDeploymentPostprocessing = 0;
		};
/* End PBXFrameworksBuildPhase section */

/* Begin PBXGroup section */
		58B5C4502CDA5E280011E46A = {
			isa = PBXGroup;
			children = (
				58B5C45B2CDA5E280011E46A /* KitchenProject */,
				58B5C4722CDA5E290011E46A /* KitchenProjectTests */,
				58B5C47C2CDA5E290011E46A /* KitchenProjectUITests */,
				58B5C45A2CDA5E280011E46A /* Products */,
			);
			sourceTree = "<group>";
		};
		58B5C45A2CDA5E280011E46A /* Products */ = {
			isa = PBXGroup;
			children = (
				58B5C4592CDA5E280011E46A /* KitchenProject.app */,
				58B5C46F2CDA5E290011E46A /* KitchenProjectTests.xctest */,
				58B5C4792CDA5E290011E46A /* KitchenProjectUITests.xctest */,
			);
			name = Products;
			sourceTree = "<group>";
		};
/* End PBXGroup section */

/* Begin PBXNativeTarget section */
		58B5C4582CDA5E280011E46A /* KitchenProject */ = {
			isa = PBXNativeTarget;
			buildConfigurationList = 58B5C4822CDA5E290011E46A /* Build configuration list for PBXNativeTarget "KitchenProject" */;
			buildPhases = (
				58B5C4552CDA5E280011E46A /* Sources */,
				58B5C4562CDA5E280011E46A /* Frameworks */,
				58B5C4572CDA5E280011E46A /* Resources */,
			);
			buildRules = (
			);
			dependencies = (
			);
			fileSystemSynchronizedGroups = (
				58B5C45B2CDA5E280011E46A /* KitchenProject */,
			);
			name = KitchenProject;
			packageProductDependencies = (
			);
			productName = KitchenProject;
			productReference = 58B5C4592CDA5E280011E46A /* KitchenProject.app */;
			productType = "com.apple.product-type.application";
		};
		58B5C46E2CDA5E290011E46A /* KitchenProjectTests */ = {
			isa = PBXNativeTarget;
			buildConfigurationList = 58B5C4872CDA5E290011E46A /* Build configuration list for PBXNativeTarget "KitchenProjectTests" */;
			buildPhases = (
				58B5C46B2CDA5E290011E46A /* Sources */,
				58B5C46C2CDA5E290011E46A /* Frameworks */,
				58B5C46D2CDA5E290011E46A /* Resources */,
			);
			buildRules = (
			);
			dependencies = (
				58B5C4712CDA5E290011E46A /* PBXTargetDependency */,
			);
			fileSystemSynchronizedGroups = (
				58B5C4722CDA5E290011E46A /* KitchenProjectTests */,
			);
			name = KitchenProjectTests;
			packageProductDependencies = (
			);
			productName = KitchenProjectTests;
			productReference = 58B5C46F2CDA5E290011E46A /* KitchenProjectTests.xctest */;
			productType = "com.apple.product-type.bundle.unit-test";
		};
		58B5C4782CDA5E290011E46A /* KitchenProjectUITests */ = {
			isa = PBXNativeTarget;
			buildConfigurationList = 58B5C48A2CDA5E290011E46A /* Build configuration list for PBXNativeTarget "KitchenProjectUITests" */;
			buildPhases = (
				58B5C4752CDA5E290011E46A /* Sources */,
				58B5C4762CDA5E290011E46A /* Frameworks */,
				58B5C4772CDA5E290011E46A /* Resources */,
			);
			buildRules = (
			);
			dependencies = (
				58B5C47B2CDA5E290011E46A /* PBXTargetDependency */,
			);
			fileSystemSynchronizedGroups = (
				58B5C47C2CDA5E290011E46A /* KitchenProjectUITests */,
			);
			name = KitchenProjectUITests;
			packageProductDependencies = (
			);
			productName = KitchenProjectUITests;
			productReference = 58B5C4792CDA5E290011E46A /* KitchenProjectUITests.xctest */;
			productType = "com.apple.product-type.bundle.ui-testing";
		};
/* End PBXNativeTarget section */

/* Begin PBXProject section */
		58B5C4512CDA5E280011E46A /* Project object */ = {
			isa = PBXProject;
			attributes = {
				BuildIndependentTargetsInParallel = 1;
				LastSwiftUpdateCheck = 1600;
				LastUpgradeCheck = 1600;
				TargetAttributes = {
					58B5C4582CDA5E280011E46A = {
						CreatedOnToolsVersion = 16.0;
					};
					58B5C46E2CDA5E290011E46A = {
						CreatedOnToolsVersion = 16.0;
						TestTargetID = 58B5C4582CDA5E280011E46A;
					};
					58B5C4782CDA5E290011E46A = {
						CreatedOnToolsVersion = 16.0;
						TestTargetID = 58B5C4582CDA5E280011E46A;
					};
				};
			};
			buildConfigurationList = 58B5C4542CDA5E280011E46A /* Build configuration list for PBXProject "KitchenProject" */;
			developmentRegion = en;
			hasScannedForEncodings = 0;
			knownRegions = (
				en,
				Base,
			);
			mainGroup = 58B5C4502CDA5E280011E46A;
			minimizedProjectReferenceProxies = 1;
			preferredProjectObjectVersion = 77;
			productRefGroup = 58B5C45A2CDA5E280011E46A /* Products */;
			projectDirPath = "";
			projectRoot = "";
			targets = (
				58B5C4582CDA5E280011E46A /* KitchenProject */,
				58B5C46E2CDA5E290011E46A /* KitchenProjectTests */,
				58B5C4782CDA5E290011E46A /* KitchenProjectUITests */,
			);
		};
/* End PBXProject section */

/* Begin PBXResourcesBuildPhase section */
		58B5C4572CDA5E280011E46A /* Resources */ = {
			isa = PBXResourcesBuildPhase;
			buildActionMask = 2147483647;
			files = (
			);
			runOnlyForDeploymentPostprocessing = 0;
		};
		58B5C46D2CDA5E290011E46A /* Resources */ = {
			isa = PBXResourcesBuildPhase;
			buildActionMask = 2147483647;
			files = (
			);
			runOnlyForDeploymentPostprocessing = 0;
		};
		58B5C4772CDA5E290011E46A /* Resources */ = {
			isa = PBXResourcesBuildPhase;
			buildActionMask = 2147483647;
			files = (
			);
			runOnlyForDeploymentPostprocessing = 0;
		};
/* End PBXResourcesBuildPhase section */

/* Begin PBXSourcesBuildPhase section */
		58B5C4552CDA5E280011E46A /* Sources */ = {
			isa = PBXSourcesBuildPhase;
			buildActionMask = 2147483647;
			files = (
			);
			runOnlyForDeploymentPostprocessing = 0;
		};
		58B5C46B2CDA5E290011E46A /* Sources */ = {
			isa = PBXSourcesBuildPhase;
			buildActionMask = 2147483647;
			files = (
			);
			runOnlyForDeploymentPostprocessing = 0;
		};
		58B5C4752CDA5E290011E46A /* Sources */ = {
			isa = PBXSourcesBuildPhase;
			buildActionMask = 2147483647;
			files = (
			);
			runOnlyForDeploymentPostprocessing = 0;
		};
/* End PBXSourcesBuildPhase section */

/* Begin PBXTargetDependency section */
		58B5C4712CDA5E290011E46A /* PBXTargetDependency */ = {
			isa = PBXTargetDependency;
			target = 58B5C4582CDA5E280011E46A /* KitchenProject */;
			targetProxy = 58B5C4702CDA5E290011E46A /* PBXContainerItemProxy */;
		};
		58B5C47B2CDA5E290011E46A /* PBXTargetDependency */ = {
			isa = PBXTargetDependency;
			target = 58B5C4582CDA5E280011E46A /* KitchenProject */;
			targetProxy = 58B5C47A2CDA5E290011E46A /* PBXContainerItemProxy */;
		};
/* End PBXTargetDependency section */

/* Begin XCBuildConfiguration section */
		58B5C4832CDA5E290011E46A /* Debug */ = {
			isa = XCBuildConfiguration;
			buildSettings = {
				ASSETCATALOG_COMPILER_APPICON_NAME = AppIcon;
				ASSETCATALOG_COMPILER_GLOBAL_ACCENT_COLOR_NAME = AccentColor;
				CODE_SIGN_STYLE = Automatic;
				CURRENT_PROJECT_VERSION = 1;
				DEVELOPMENT_TEAM = CA34KJ8L94;
				GENERATE_INFOPLIST_FILE = YES;
				INFOPLIST_FILE = KitchenProject/Info.plist;
				INFOPLIST_KEY_UIApplicationSupportsIndirectInputEvents = YES;
				INFOPLIST_KEY_UILaunchStoryboardName = LaunchScreen;
				INFOPLIST_KEY_UIMainStoryboardFile = Main;
				INFOPLIST_KEY_UISupportedInterfaceOrientations_iPad = "UIInterfaceOrientationPortrait UIInterfaceOrientationPortraitUpsideDown UIInterfaceOrientationLandscapeLeft UIInterfaceOrientationLandscapeRight";
				INFOPLIST_KEY_UISupportedInterfaceOrientations_iPhone = "UIInterfaceOrientationPortrait UIInterfaceOrientationLandscapeLeft UIInterfaceOrientationLandscapeRight";
				LD_RUNPATH_SEARCH_PATHS = (
					"$(inherited)",
					"@executable_path/Frameworks",
				);
				MARKETING_VERSION = 1.0;
				PRODUCT_BUNDLE_IDENTIFIER = ru.FaNtast.practicum.KitchenProject;
				PRODUCT_NAME = "$(TARGET_NAME)";
				SWIFT_EMIT_LOC_STRINGS = YES;
				SWIFT_VERSION = 5.0;
				TARGETED_DEVICE_FAMILY = "1,2";
			};
			name = Debug;
		};
		58B5C4842CDA5E290011E46A /* Release */ = {
			isa = XCBuildConfiguration;
			buildSettings = {
				ASSETCATALOG_COMPILER_APPICON_NAME = AppIcon;
				ASSETCATALOG_COMPILER_GLOBAL_ACCENT_COLOR_NAME = AccentColor;
				CODE_SIGN_STYLE = Automatic;
				CURRENT_PROJECT_VERSION = 1;
				DEVELOPMENT_TEAM = CA34KJ8L94;
				GENERATE_INFOPLIST_FILE = YES;
				INFOPLIST_FILE = KitchenProject/Info.plist;
				INFOPLIST_KEY_UIApplicationSupportsIndirectInputEvents = YES;
				INFOPLIST_KEY_UILaunchStoryboardName = LaunchScreen;
				INFOPLIST_KEY_UIMainStoryboardFile = Main;
				INFOPLIST_KEY_UISupportedInterfaceOrientations_iPad = "UIInterfaceOrientationPortrait UIInterfaceOrientationPortraitUpsideDown UIInterfaceOrientationLandscapeLeft UIInterfaceOrientationLandscapeRight";
				INFOPLIST_KEY_UISupportedInterfaceOrientations_iPhone = "UIInterfaceOrientationPortrait UIInterfaceOrientationLandscapeLeft UIInterfaceOrientationLandscapeRight";
				LD_RUNPATH_SEARCH_PATHS = (
					"$(inherited)",
					"@executable_path/Frameworks",
				);
				MARKETING_VERSION = 1.0;
				PRODUCT_BUNDLE_IDENTIFIER = ru.FaNtast.practicum.KitchenProject;
				PRODUCT_NAME = "$(TARGET_NAME)";
				SWIFT_EMIT_LOC_STRINGS = YES;
				SWIFT_VERSION = 5.0;
				TARGETED_DEVICE_FAMILY = "1,2";
			};
			name = Release;
		};
		58B5C4852CDA5E290011E46A /* Debug */ = {
			isa = XCBuildConfiguration;
			buildSettings = {
				ALWAYS_SEARCH_USER_PATHS = NO;
				ASSETCATALOG_COMPILER_GENERATE_SWIFT_ASSET_SYMBOL_EXTENSIONS = YES;
				CLANG_ANALYZER_NONNULL = YES;
				CLANG_ANALYZER_NUMBER_OBJECT_CONVERSION = YES_AGGRESSIVE;
				CLANG_CXX_LANGUAGE_STANDARD = "gnu++20";
				CLANG_ENABLE_MODULES = YES;
				CLANG_ENABLE_OBJC_ARC = YES;
				CLANG_ENABLE_OBJC_WEAK = YES;
				CLANG_WARN_BLOCK_CAPTURE_AUTORELEASING = YES;
				CLANG_WARN_BOOL_CONVERSION = YES;
				CLANG_WARN_COMMA = YES;
				CLANG_WARN_CONSTANT_CONVERSION = YES;
				CLANG_WARN_DEPRECATED_OBJC_IMPLEMENTATIONS = YES;
				CLANG_WARN_DIRECT_OBJC_ISA_USAGE = YES_ERROR;
				CLANG_WARN_DOCUMENTATION_COMMENTS = YES;
				CLANG_WARN_EMPTY_BODY = YES;
				CLANG_WARN_ENUM_CONVERSION = YES;
				CLANG_WARN_INFINITE_RECURSION = YES;
				CLANG_WARN_INT_CONVERSION = YES;
				CLANG_WARN_NON_LITERAL_NULL_CONVERSION = YES;
				CLANG_WARN_OBJC_IMPLICIT_RETAIN_SELF = YES;
				CLANG_WARN_OBJC_LITERAL_CONVERSION = YES;
				CLANG_WARN_OBJC_ROOT_CLASS = YES_ERROR;
				CLANG_WARN_QUOTED_INCLUDE_IN_FRAMEWORK_HEADER = YES;
				CLANG_WARN_RANGE_LOOP_ANALYSIS = YES;
				CLANG_WARN_STRICT_PROTOTYPES = YES;
				CLANG_WARN_SUSPICIOUS_MOVE = YES;
				CLANG_WARN_UNGUARDED_AVAILABILITY = YES_AGGRESSIVE;
				CLANG_WARN_UNREACHABLE_CODE = YES;
				CLANG_WARN__DUPLICATE_METHOD_MATCH = YES;
				COPY_PHASE_STRIP = NO;
				DEBUG_INFORMATION_FORMAT = dwarf;
				ENABLE_STRICT_OBJC_MSGSEND = YES;
				ENABLE_TESTABILITY = YES;
				ENABLE_USER_SCRIPT_SANDBOXING = YES;
				GCC_C_LANGUAGE_STANDARD = gnu17;
				GCC_DYNAMIC_NO_PIC = NO;
				GCC_NO_COMMON_BLOCKS = YES;
				GCC_OPTIMIZATION_LEVEL = 0;
				GCC_PREPROCESSOR_DEFINITIONS = (
					"DEBUG=1",
					"$(inherited)",
				);
				GCC_WARN_64_TO_32_BIT_CONVERSION = YES;
				GCC_WARN_ABOUT_RETURN_TYPE = YES_ERROR;
				GCC_WARN_UNDECLARED_SELECTOR = YES;
				GCC_WARN_UNINITIALIZED_AUTOS = YES_AGGRESSIVE;
				GCC_WARN_UNUSED_FUNCTION = YES;
				GCC_WARN_UNUSED_VARIABLE = YES;
				IPHONEOS_DEPLOYMENT_TARGET = 18.0;
				LOCALIZATION_PREFERS_STRING_CATALOGS = YES;
				MTL_ENABLE_DEBUG_INFO = INCLUDE_SOURCE;
				MTL_FAST_MATH = YES;
				ONLY_ACTIVE_ARCH = YES;
				SDKROOT = iphoneos;
				SWIFT_ACTIVE_COMPILATION_CONDITIONS = "DEBUG $(inherited)";
				SWIFT_OPTIMIZATION_LEVEL = "-Onone";
			};
			name = Debug;
		};
		58B5C4862CDA5E290011E46A /* Release */ = {
			isa = XCBuildConfiguration;
			buildSettings = {
				ALWAYS_SEARCH_USER_PATHS = NO;
				ASSETCATALOG_COMPILER_GENERATE_SWIFT_ASSET_SYMBOL_EXTENSIONS = YES;
				CLANG_ANALYZER_NONNULL = YES;
				CLANG_ANALYZER_NUMBER_OBJECT_CONVERSION = YES_AGGRESSIVE;
				CLANG_CXX_LANGUAGE_STANDARD = "gnu++20";
				CLANG_ENABLE_MODULES = YES;
				CLANG_ENABLE_OBJC_ARC = YES;
				CLANG_ENABLE_OBJC_WEAK = YES;
				CLANG_WARN_BLOCK_CAPTURE_AUTORELEASING = YES;
				CLANG_WARN_BOOL_CONVERSION = YES;
				CLANG_WARN_COMMA = YES;
				CLANG_WARN_CONSTANT_CONVERSION = YES;
				CLANG_WARN_DEPRECATED_OBJC_IMPLEMENTATIONS = YES;
				CLANG_WARN_DIRECT_OBJC_ISA_USAGE = YES_ERROR;
				CLANG_WARN_DOCUMENTATION_COMMENTS = YES;
				CLANG_WARN_EMPTY_BODY = YES;
				CLANG_WARN_ENUM_CONVERSION = YES;
				CLANG_WARN_INFINITE_RECURSION = YES;
				CLANG_WARN_INT_CONVERSION = YES;
				CLANG_WARN_NON_LITERAL_NULL_CONVERSION = YES;
				CLANG_WARN_OBJC_IMPLICIT_RETAIN_SELF = YES;
				CLANG_WARN_OBJC_LITERAL_CONVERSION = YES;
				CLANG_WARN_OBJC_ROOT_CLASS = YES_ERROR;
				CLANG_WARN_QUOTED_INCLUDE_IN_FRAMEWORK_HEADER = YES;
				CLANG_WARN_RANGE_LOOP_ANALYSIS = YES;
				CLANG_WARN_STRICT_PROTOTYPES = YES;
				CLANG_WARN_SUSPICIOUS_MOVE = YES;
				CLANG_WARN_UNGUARDED_AVAILABILITY = YES_AGGRESSIVE;
				CLANG_WARN_UNREACHABLE_CODE = YES;
				CLANG_WARN__DUPLICATE_METHOD_MATCH = YES;
				COPY_PHASE_STRIP = NO;
				DEBUG_INFORMATION_FORMAT = "dwarf-with-dsym";
				ENABLE_NS_ASSERTIONS = NO;
				ENABLE_STRICT_OBJC_MSGSEND = YES;
				ENABLE_USER_SCRIPT_SANDBOXING = YES;
				GCC_C_LANGUAGE_STANDARD = gnu17;
				GCC_NO_COMMON_BLOCKS = YES;
				GCC_WARN_64_TO_32_BIT_CONVERSION = YES;
				GCC_WARN_ABOUT_RETURN_TYPE = YES_ERROR;
				GCC_WARN_UNDECLARED_SELECTOR = YES;
				GCC_WARN_UNINITIALIZED_AUTOS = YES_AGGRESSIVE;
				GCC_WARN_UNUSED_FUNCTION = YES;
				GCC_WARN_UNUSED_VARIABLE = YES;
				IPHONEOS_DEPLOYMENT_TARGET = 18.0;
				LOCALIZATION_PREFERS_STRING_CATALOGS = YES;
				MTL_ENABLE_DEBUG_INFO = NO;
				MTL_FAST_MATH = YES;
				SDKROOT = iphoneos;
				SWIFT_COMPILATION_MODE = wholemodule;
				VALIDATE_PRODUCT = YES;
			};
			name = Release;
		};
		58B5C4882CDA5E290011E46A /* Debug */ = {
			isa = XCBuildConfiguration;
			buildSettings = {
				BUNDLE_LOADER = "$(TEST_HOST)";
				CODE_SIGN_STYLE = Automatic;
				CURRENT_PROJECT_VERSION = 1;
				DEVELOPMENT_TEAM = CA34KJ8L94;
				GENERATE_INFOPLIST_FILE = YES;
				IPHONEOS_DEPLOYMENT_TARGET = 18.0;
				MARKETING_VERSION = 1.0;
				PRODUCT_BUNDLE_IDENTIFIER = ru.FaNtast.practicum.KitchenProjectTests;
				PRODUCT_NAME = "$(TARGET_NAME)";
				SWIFT_EMIT_LOC_STRINGS = NO;
				SWIFT_VERSION = 5.0;
				TARGETED_DEVICE_FAMILY = "1,2";
				TEST_HOST = "$(BUILT_PRODUCTS_DIR)/KitchenProject.app/$(BUNDLE_EXECUTABLE_FOLDER_PATH)/KitchenProject";
			};
			name = Debug;
		};
		58B5C4892CDA5E290011E46A /* Release */ = {
			isa = XCBuildConfiguration;
			buildSettings = {
				BUNDLE_LOADER = "$(TEST_HOST)";
				CODE_SIGN_STYLE = Automatic;
				CURRENT_PROJECT_VERSION = 1;
				DEVELOPMENT_TEAM = CA34KJ8L94;
				GENERATE_INFOPLIST_FILE = YES;
				IPHONEOS_DEPLOYMENT_TARGET = 18.0;
				MARKETING_VERSION = 1.0;
				PRODUCT_BUNDLE_IDENTIFIER = ru.FaNtast.practicum.KitchenProjectTests;
				PRODUCT_NAME = "$(TARGET_NAME)";
				SWIFT_EMIT_LOC_STRINGS = NO;
				SWIFT_VERSION = 5.0;
				TARGETED_DEVICE_FAMILY = "1,2";
				TEST_HOST = "$(BUILT_PRODUCTS_DIR)/KitchenProject.app/$(BUNDLE_EXECUTABLE_FOLDER_PATH)/KitchenProject";
			};
			name = Release;
		};
		58B5C48B2CDA5E290011E46A /* Debug */ = {
			isa = XCBuildConfiguration;
			buildSettings = {
				CODE_SIGN_STYLE = Automatic;
				CURRENT_PROJECT_VERSION = 1;
				DEVELOPMENT_TEAM = CA34KJ8L94;
				GENERATE_INFOPLIST_FILE = YES;
				MARKETING_VERSION = 1.0;
				PRODUCT_BUNDLE_IDENTIFIER = ru.FaNtast.practicum.KitchenProjectUITests;
				PRODUCT_NAME = "$(TARGET_NAME)";
				SWIFT_EMIT_LOC_STRINGS = NO;
				SWIFT_VERSION = 5.0;
				TARGETED_DEVICE_FAMILY = "1,2";
				TEST_TARGET_NAME = KitchenProject;
			};
			name = Debug;
		};
		58B5C48C2CDA5E290011E46A /* Release */ = {
			isa = XCBuildConfiguration;
			buildSettings = {
				CODE_SIGN_STYLE = Automatic;
				CURRENT_PROJECT_VERSION = 1;
				DEVELOPMENT_TEAM = CA34KJ8L94;
				GENERATE_INFOPLIST_FILE = YES;
				MARKETING_VERSION = 1.0;
				PRODUCT_BUNDLE_IDENTIFIER = ru.FaNtast.practicum.KitchenProjectUITests;
				PRODUCT_NAME = "$(TARGET_NAME)";
				SWIFT_EMIT_LOC_STRINGS = NO;
				SWIFT_VERSION = 5.0;
				TARGETED_DEVICE_FAMILY = "1,2";
				TEST_TARGET_NAME = KitchenProject;
			};
			name = Release;
		};
/* End XCBuildConfiguration section */

/* Begin XCConfigurationList section */
		58B5C4542CDA5E280011E46A /* Build configuration list for PBXProject "KitchenProject" */ = {
			isa = XCConfigurationList;
			buildConfigurations = (
				58B5C4852CDA5E290011E46A /* Debug */,
				58B5C4862CDA5E290011E46A /* Release */,
			);
			defaultConfigurationIsVisible = 0;
			defaultConfigurationName = Release;
		};
		58B5C4822CDA5E290011E46A /* Build configuration list for PBXNativeTarget "KitchenProject" */ = {
			isa = XCConfigurationList;
			buildConfigurations = (
				58B5C4832CDA5E290011E46A /* Debug */,
				58B5C4842CDA5E290011E46A /* Release */,
			);
			defaultConfigurationIsVisible = 0;
			defaultConfigurationName = Release;
		};
		58B5C4872CDA5E290011E46A /* Build configuration list for PBXNativeTarget "KitchenProjectTests" */ = {
			isa = XCConfigurationList;
			buildConfigurations = (
				58B5C4882CDA5E290011E46A /* Debug */,
				58B5C4892CDA5E290011E46A /* Release */,
			);
			defaultConfigurationIsVisible = 0;
			defaultConfigurationName = Release;
		};
		58B5C48A2CDA5E290011E46A /* Build configuration list for PBXNativeTarget "KitchenProjectUITests" */ = {
			isa = XCConfigurationList;
			buildConfigurations = (
				58B5C48B2CDA5E290011E46A /* Debug */,
				58B5C48C2CDA5E290011E46A /* Release */,
			);
			defaultConfigurationIsVisible = 0;
			defaultConfigurationName = Release;
		};
/* End XCConfigurationList section */
	};
	rootObject = 58B5C4512CDA5E280011E46A /* Project object */;
}
